
Microsoft Visual Studio Solution File, Format Version 12.00
# Visual Studio Version 16
VisualStudioVersion = 16.0.30406.217
MinimumVisualStudioVersion = 10.0.40219.1
Project("{FAE04EC0-301F-11D3-BF4B-00C04F79EFBC}") = "RestaurantRaterAPI_", "RestaurantRaterAPI_\RestaurantRaterAPI_.csproj", "{C04EE87B-3371-442A-99D9-7A3C66CA7243}"
EndProject
Global
	GlobalSection(SolutionConfigurationPlatforms) = preSolution
		Debug|Any CPU = Debug|Any CPU
		Release|Any CPU = Release|Any CPU
	EndGlobalSection
	GlobalSection(ProjectConfigurationPlatforms) = postSolution
		{C04EE87B-3371-442A-99D9-7A3C66CA7243}.Debug|Any CPU.ActiveCfg = Debug|Any CPU
		{C04EE87B-3371-442A-99D9-7A3C66CA7243}.Debug|Any CPU.Build.0 = Debug|Any CPU
		{C04EE87B-3371-442A-99D9-7A3C66CA7243}.Release|Any CPU.ActiveCfg = Release|Any CPU
		{C04EE87B-3371-442A-99D9-7A3C66CA7243}.Release|Any CPU.Build.0 = Release|Any CPU
	EndGlobalSection
	GlobalSection(SolutionProperties) = preSolution
		HideSolutionNode = FALSE
	EndGlobalSection
	GlobalSection(ExtensibilityGlobals) = postSolution
		SolutionGuid = {B7CB43DB-F233-4734-B101-141303342A8B}
	EndGlobalSection
EndGlobal
